// !$*UTF8*$!
{
	archiveVersion = 1;
	classes = {
	};
	objectVersion = 46;
	objects = {

/* Begin PBXBuildFile section */
		25AC88C11C95580B008414B9 /* DAMEIJILINTests.m in Sources */ = {isa = PBXBuildFile; fileRef = 25AC88C01C95580B008414B9 /* DAMEIJILINTests.m */; };
		25AC88CC1C95580B008414B9 /* DAMEIJILINUITests.m in Sources */ = {isa = PBXBuildFile; fileRef = 25AC88CB1C95580B008414B9 /* DAMEIJILINUITests.m */; };
		25AC88E71C958585008414B9 /* AppDelegate.m in Sources */ = {isa = PBXBuildFile; fileRef = 25AC88E01C958585008414B9 /* AppDelegate.m */; };
		25AC88E81C958585008414B9 /* Assets.xcassets in Resources */ = {isa = PBXBuildFile; fileRef = 25AC88E11C958585008414B9 /* Assets.xcassets */; };
		25AC88EA1C958585008414B9 /* Info.plist in Resources */ = {isa = PBXBuildFile; fileRef = 25AC88E51C958585008414B9 /* Info.plist */; };
		25AC88EB1C958585008414B9 /* main.m in Sources */ = {isa = PBXBuildFile; fileRef = 25AC88E61C958585008414B9 /* main.m */; };
		25AC88EF1C9585F6008414B9 /* DMAppFrameTabBarController.m in Sources */ = {isa = PBXBuildFile; fileRef = 25AC88EE1C9585F6008414B9 /* DMAppFrameTabBarController.m */; };
		25AC88FA1C95B012008414B9 /* DMBaseNavigationController.m in Sources */ = {isa = PBXBuildFile; fileRef = 25AC88F91C95B012008414B9 /* DMBaseNavigationController.m */; };
		25AC891A1C95B637008414B9 /* TestViewController_1.m in Sources */ = {isa = PBXBuildFile; fileRef = 25AC89101C95B637008414B9 /* TestViewController_1.m */; };
		25AC891B1C95B637008414B9 /* TestViewController_2.m in Sources */ = {isa = PBXBuildFile; fileRef = 25AC89131C95B637008414B9 /* TestViewController_2.m */; };
		25AC891C1C95B637008414B9 /* TestViewController_3.m in Sources */ = {isa = PBXBuildFile; fileRef = 25AC89161C95B637008414B9 /* TestViewController_3.m */; };
		25AC891D1C95B637008414B9 /* TestViewController_4.m in Sources */ = {isa = PBXBuildFile; fileRef = 25AC89191C95B637008414B9 /* TestViewController_4.m */; };
		77BEA9A640AF8978D7F4D961 /* libPods.a in Frameworks */ = {isa = PBXBuildFile; fileRef = 803FC8DF252B40785BBDD780 /* libPods.a */; };
/* End PBXBuildFile section */

/* Begin PBXContainerItemProxy section */
		25AC88BD1C95580B008414B9 /* PBXContainerItemProxy */ = {
			isa = PBXContainerItemProxy;
			containerPortal = 25AC889B1C95580B008414B9 /* Project object */;
			proxyType = 1;
			remoteGlobalIDString = 25AC88A21C95580B008414B9;
			remoteInfo = DAMEIJILIN;
		};
		25AC88C81C95580B008414B9 /* PBXContainerItemProxy */ = {
			isa = PBXContainerItemProxy;
			containerPortal = 25AC889B1C95580B008414B9 /* Project object */;
			proxyType = 1;
			remoteGlobalIDString = 25AC88A21C95580B008414B9;
			remoteInfo = DAMEIJILIN;
		};
/* End PBXContainerItemProxy section */

/* Begin PBXFileReference section */
		25AC88A31C95580B008414B9 /* DAMEIJILIN.app */ = {isa = PBXFileReference; explicitFileType = wrapper.application; includeInIndex = 0; path = DAMEIJILIN.app; sourceTree = BUILT_PRODUCTS_DIR; };
		25AC88BC1C95580B008414B9 /* DAMEIJILINTests.xctest */ = {isa = PBXFileReference; explicitFileType = wrapper.cfbundle; includeInIndex = 0; path = DAMEIJILINTests.xctest; sourceTree = BUILT_PRODUCTS_DIR; };
		25AC88C01C95580B008414B9 /* DAMEIJILINTests.m */ = {isa = PBXFileReference; lastKnownFileType = sourcecode.c.objc; path = DAMEIJILINTests.m; sourceTree = "<group>"; };
		25AC88C21C95580B008414B9 /* Info.plist */ = {isa = PBXFileReference; lastKnownFileType = text.plist.xml; path = Info.plist; sourceTree = "<group>"; };
		25AC88C71C95580B008414B9 /* DAMEIJILINUITests.xctest */ = {isa = PBXFileReference; explicitFileType = wrapper.cfbundle; includeInIndex = 0; path = DAMEIJILINUITests.xctest; sourceTree = BUILT_PRODUCTS_DIR; };
		25AC88CB1C95580B008414B9 /* DAMEIJILINUITests.m */ = {isa = PBXFileReference; lastKnownFileType = sourcecode.c.objc; path = DAMEIJILINUITests.m; sourceTree = "<group>"; };
		25AC88CD1C95580B008414B9 /* Info.plist */ = {isa = PBXFileReference; lastKnownFileType = text.plist.xml; path = Info.plist; sourceTree = "<group>"; };
		25AC88DF1C958585008414B9 /* AppDelegate.h */ = {isa = PBXFileReference; fileEncoding = 4; lastKnownFileType = sourcecode.c.h; name = AppDelegate.h; path = DAMEIJILIN/AppDelegate.h; sourceTree = "<group>"; };
		25AC88E01C958585008414B9 /* AppDelegate.m */ = {isa = PBXFileReference; fileEncoding = 4; lastKnownFileType = sourcecode.c.objc; name = AppDelegate.m; path = DAMEIJILIN/AppDelegate.m; sourceTree = "<group>"; };
		25AC88E11C958585008414B9 /* Assets.xcassets */ = {isa = PBXFileReference; lastKnownFileType = folder.assetcatalog; name = Assets.xcassets; path = ../Assets.xcassets; sourceTree = "<group>"; };
		25AC88E51C958585008414B9 /* Info.plist */ = {isa = PBXFileReference; fileEncoding = 4; lastKnownFileType = text.plist.xml; name = Info.plist; path = ../Info.plist; sourceTree = "<group>"; };
		25AC88E61C958585008414B9 /* main.m */ = {isa = PBXFileReference; fileEncoding = 4; lastKnownFileType = sourcecode.c.objc; name = main.m; path = DAMEIJILIN/main.m; sourceTree = "<group>"; };
		25AC88ED1C9585F6008414B9 /* DMAppFrameTabBarController.h */ = {isa = PBXFileReference; fileEncoding = 4; lastKnownFileType = sourcecode.c.h; path = DMAppFrameTabBarController.h; sourceTree = "<group>"; };
		25AC88EE1C9585F6008414B9 /* DMAppFrameTabBarController.m */ = {isa = PBXFileReference; fileEncoding = 4; lastKnownFileType = sourcecode.c.objc; path = DMAppFrameTabBarController.m; sourceTree = "<group>"; };
		25AC88F81C95B012008414B9 /* DMBaseNavigationController.h */ = {isa = PBXFileReference; fileEncoding = 4; lastKnownFileType = sourcecode.c.h; path = DMBaseNavigationController.h; sourceTree = "<group>"; };
		25AC88F91C95B012008414B9 /* DMBaseNavigationController.m */ = {isa = PBXFileReference; fileEncoding = 4; lastKnownFileType = sourcecode.c.objc; path = DMBaseNavigationController.m; sourceTree = "<group>"; };
		25AC890F1C95B637008414B9 /* TestViewController_1.h */ = {isa = PBXFileReference; fileEncoding = 4; lastKnownFileType = sourcecode.c.h; path = TestViewController_1.h; sourceTree = "<group>"; };
		25AC89101C95B637008414B9 /* TestViewController_1.m */ = {isa = PBXFileReference; fileEncoding = 4; lastKnownFileType = sourcecode.c.objc; path = TestViewController_1.m; sourceTree = "<group>"; };
		25AC89121C95B637008414B9 /* TestViewController_2.h */ = {isa = PBXFileReference; fileEncoding = 4; lastKnownFileType = sourcecode.c.h; path = TestViewController_2.h; sourceTree = "<group>"; };
		25AC89131C95B637008414B9 /* TestViewController_2.m */ = {isa = PBXFileReference; fileEncoding = 4; lastKnownFileType = sourcecode.c.objc; path = TestViewController_2.m; sourceTree = "<group>"; };
		25AC89151C95B637008414B9 /* TestViewController_3.h */ = {isa = PBXFileReference; fileEncoding = 4; lastKnownFileType = sourcecode.c.h; path = TestViewController_3.h; sourceTree = "<group>"; };
		25AC89161C95B637008414B9 /* TestViewController_3.m */ = {isa = PBXFileReference; fileEncoding = 4; lastKnownFileType = sourcecode.c.objc; path = TestViewController_3.m; sourceTree = "<group>"; };
		25AC89181C95B637008414B9 /* TestViewController_4.h */ = {isa = PBXFileReference; fileEncoding = 4; lastKnownFileType = sourcecode.c.h; path = TestViewController_4.h; sourceTree = "<group>"; };
		25AC89191C95B637008414B9 /* TestViewController_4.m */ = {isa = PBXFileReference; fileEncoding = 4; lastKnownFileType = sourcecode.c.objc; path = TestViewController_4.m; sourceTree = "<group>"; };
		25AC891F1C95B653008414B9 /* GlobalDefines.h */ = {isa = PBXFileReference; fileEncoding = 4; lastKnownFileType = sourcecode.c.h; path = GlobalDefines.h; sourceTree = "<group>"; };
		54D5E8507FA78099AA975AFB /* Pods.release.xcconfig */ = {isa = PBXFileReference; includeInIndex = 1; lastKnownFileType = text.xcconfig; name = Pods.release.xcconfig; path = "Pods/Target Support Files/Pods/Pods.release.xcconfig"; sourceTree = "<group>"; };
		803FC8DF252B40785BBDD780 /* libPods.a */ = {isa = PBXFileReference; explicitFileType = archive.ar; includeInIndex = 0; path = libPods.a; sourceTree = BUILT_PRODUCTS_DIR; };
		B13DC53CD17D5EFAD7F5776A /* Pods.debug.xcconfig */ = {isa = PBXFileReference; includeInIndex = 1; lastKnownFileType = text.xcconfig; name = Pods.debug.xcconfig; path = "Pods/Target Support Files/Pods/Pods.debug.xcconfig"; sourceTree = "<group>"; };
/* End PBXFileReference section */

/* Begin PBXFrameworksBuildPhase section */
		25AC88A01C95580B008414B9 /* Frameworks */ = {
			isa = PBXFrameworksBuildPhase;
			buildActionMask = 2147483647;
			files = (
				77BEA9A640AF8978D7F4D961 /* libPods.a in Frameworks */,
			);
			runOnlyForDeploymentPostprocessing = 0;
		};
		25AC88B91C95580B008414B9 /* Frameworks */ = {
			isa = PBXFrameworksBuildPhase;
			buildActionMask = 2147483647;
			files = (
			);
			runOnlyForDeploymentPostprocessing = 0;
		};
		25AC88C41C95580B008414B9 /* Frameworks */ = {
			isa = PBXFrameworksBuildPhase;
			buildActionMask = 2147483647;
			files = (
			);
			runOnlyForDeploymentPostprocessing = 0;
		};
/* End PBXFrameworksBuildPhase section */

/* Begin PBXGroup section */
		2028D5FD3722B4EF273529FE /* Pods */ = {
			isa = PBXGroup;
			children = (
				B13DC53CD17D5EFAD7F5776A /* Pods.debug.xcconfig */,
				54D5E8507FA78099AA975AFB /* Pods.release.xcconfig */,
			);
			name = Pods;
			sourceTree = "<group>";
		};
		25AC889A1C95580B008414B9 = {
			isa = PBXGroup;
			children = (
				25AC88EC1C9585F6008414B9 /* Classes */,
				25AC88DF1C958585008414B9 /* AppDelegate.h */,
				25AC88E01C958585008414B9 /* AppDelegate.m */,
				25AC88E61C958585008414B9 /* main.m */,
				25AC88F01C958628008414B9 /* Others */,
				25AC88BF1C95580B008414B9 /* DAMEIJILINTests */,
				25AC88CA1C95580B008414B9 /* DAMEIJILINUITests */,
				25AC88A41C95580B008414B9 /* Products */,
				2028D5FD3722B4EF273529FE /* Pods */,
				FF280F737919FFFD7EBC5037 /* Frameworks */,
			);
			sourceTree = "<group>";
		};
		25AC88A41C95580B008414B9 /* Products */ = {
			isa = PBXGroup;
			children = (
				25AC88A31C95580B008414B9 /* DAMEIJILIN.app */,
				25AC88BC1C95580B008414B9 /* DAMEIJILINTests.xctest */,
				25AC88C71C95580B008414B9 /* DAMEIJILINUITests.xctest */,
			);
			name = Products;
			sourceTree = "<group>";
		};
		25AC88BF1C95580B008414B9 /* DAMEIJILINTests */ = {
			isa = PBXGroup;
			children = (
				25AC88C01C95580B008414B9 /* DAMEIJILINTests.m */,
				25AC88C21C95580B008414B9 /* Info.plist */,
			);
			path = DAMEIJILINTests;
			sourceTree = "<group>";
		};
		25AC88CA1C95580B008414B9 /* DAMEIJILINUITests */ = {
			isa = PBXGroup;
			children = (
				25AC88CB1C95580B008414B9 /* DAMEIJILINUITests.m */,
				25AC88CD1C95580B008414B9 /* Info.plist */,
			);
			path = DAMEIJILINUITests;
			sourceTree = "<group>";
		};
		25AC88EC1C9585F6008414B9 /* Classes */ = {
			isa = PBXGroup;
			children = (
				25AC88ED1C9585F6008414B9 /* DMAppFrameTabBarController.h */,
				25AC88EE1C9585F6008414B9 /* DMAppFrameTabBarController.m */,
				25AC88F81C95B012008414B9 /* DMBaseNavigationController.h */,
				25AC88F91C95B012008414B9 /* DMBaseNavigationController.m */,
				25AC891E1C95B653008414B9 /* Tools */,
				25AC890E1C95B637008414B9 /* TestPart_1 */,
				25AC89111C95B637008414B9 /* TestPart_2 */,
				25AC89141C95B637008414B9 /* TestPart_3 */,
				25AC89171C95B637008414B9 /* TestPart_4 */,
			);
			name = Classes;
			path = DAMEIJILIN/Classes;
			sourceTree = "<group>";
		};
		25AC88F01C958628008414B9 /* Others */ = {
			isa = PBXGroup;
			children = (
				25AC88E11C958585008414B9 /* Assets.xcassets */,
				25AC88E51C958585008414B9 /* Info.plist */,
				25AC88F11C958628008414B9 /* Resources */,
			);
			name = Others;
			path = DAMEIJILIN/Others;
			sourceTree = "<group>";
		};
		25AC88F11C958628008414B9 /* Resources */ = {
			isa = PBXGroup;
			children = (
			);
			path = Resources;
			sourceTree = "<group>";
		};
		25AC890E1C95B637008414B9 /* TestPart_1 */ = {
			isa = PBXGroup;
			children = (
				25AC890F1C95B637008414B9 /* TestViewController_1.h */,
				25AC89101C95B637008414B9 /* TestViewController_1.m */,
			);
			path = TestPart_1;
			sourceTree = "<group>";
		};
		25AC89111C95B637008414B9 /* TestPart_2 */ = {
			isa = PBXGroup;
			children = (
				25AC89121C95B637008414B9 /* TestViewController_2.h */,
				25AC89131C95B637008414B9 /* TestViewController_2.m */,
			);
			path = TestPart_2;
			sourceTree = "<group>";
		};
		25AC89141C95B637008414B9 /* TestPart_3 */ = {
			isa = PBXGroup;
			children = (
				25AC89151C95B637008414B9 /* TestViewController_3.h */,
				25AC89161C95B637008414B9 /* TestViewController_3.m */,
			);
			path = TestPart_3;
			sourceTree = "<group>";
		};
		25AC89171C95B637008414B9 /* TestPart_4 */ = {
			isa = PBXGroup;
			children = (
				25AC89181C95B637008414B9 /* TestViewController_4.h */,
				25AC89191C95B637008414B9 /* TestViewController_4.m */,
			);
			path = TestPart_4;
			sourceTree = "<group>";
		};
		25AC891E1C95B653008414B9 /* Tools */ = {
			isa = PBXGroup;
			children = (
				25AC891F1C95B653008414B9 /* GlobalDefines.h */,
			);
			name = Tools;
			path = DAMEIJILIN/Classes/Tools;
			sourceTree = SOURCE_ROOT;
		};
		FF280F737919FFFD7EBC5037 /* Frameworks */ = {
			isa = PBXGroup;
			children = (
				803FC8DF252B40785BBDD780 /* libPods.a */,
			);
			name = Frameworks;
			sourceTree = "<group>";
		};
/* End PBXGroup section */

/* Begin PBXNativeTarget section */
		25AC88A21C95580B008414B9 /* DAMEIJILIN */ = {
			isa = PBXNativeTarget;
			buildConfigurationList = 25AC88D01C95580B008414B9 /* Build configuration list for PBXNativeTarget "DAMEIJILIN" */;
			buildPhases = (
				0F7EEDB6717E956A2ABBAE0A /* Check Pods Manifest.lock */,
				25AC889F1C95580B008414B9 /* Sources */,
				25AC88A01C95580B008414B9 /* Frameworks */,
				25AC88A11C95580B008414B9 /* Resources */,
				7F06E7580B9B9C711D9287CD /* Embed Pods Frameworks */,
				D1D10BAEF2AA48A01E21CF29 /* Copy Pods Resources */,
			);
			buildRules = (
			);
			dependencies = (
			);
			name = DAMEIJILIN;
			productName = DAMEIJILIN;
			productReference = 25AC88A31C95580B008414B9 /* DAMEIJILIN.app */;
			productType = "com.apple.product-type.application";
		};
		25AC88BB1C95580B008414B9 /* DAMEIJILINTests */ = {
			isa = PBXNativeTarget;
			buildConfigurationList = 25AC88D31C95580B008414B9 /* Build configuration list for PBXNativeTarget "DAMEIJILINTests" */;
			buildPhases = (
				25AC88B81C95580B008414B9 /* Sources */,
				25AC88B91C95580B008414B9 /* Frameworks */,
				25AC88BA1C95580B008414B9 /* Resources */,
			);
			buildRules = (
			);
			dependencies = (
				25AC88BE1C95580B008414B9 /* PBXTargetDependency */,
			);
			name = DAMEIJILINTests;
			productName = DAMEIJILINTests;
			productReference = 25AC88BC1C95580B008414B9 /* DAMEIJILINTests.xctest */;
			productType = "com.apple.product-type.bundle.unit-test";
		};
		25AC88C61C95580B008414B9 /* DAMEIJILINUITests */ = {
			isa = PBXNativeTarget;
			buildConfigurationList = 25AC88D61C95580B008414B9 /* Build configuration list for PBXNativeTarget "DAMEIJILINUITests" */;
			buildPhases = (
				25AC88C31C95580B008414B9 /* Sources */,
				25AC88C41C95580B008414B9 /* Frameworks */,
				25AC88C51C95580B008414B9 /* Resources */,
			);
			buildRules = (
			);
			dependencies = (
				25AC88C91C95580B008414B9 /* PBXTargetDependency */,
			);
			name = DAMEIJILINUITests;
			productName = DAMEIJILINUITests;
			productReference = 25AC88C71C95580B008414B9 /* DAMEIJILINUITests.xctest */;
			productType = "com.apple.product-type.bundle.ui-testing";
		};
/* End PBXNativeTarget section */

/* Begin PBXProject section */
		25AC889B1C95580B008414B9 /* Project object */ = {
			isa = PBXProject;
			attributes = {
				LastUpgradeCheck = 0720;
				ORGANIZATIONNAME = DAMEIJILIN;
				TargetAttributes = {
					25AC88A21C95580B008414B9 = {
						CreatedOnToolsVersion = 7.2.1;
					};
					25AC88BB1C95580B008414B9 = {
						CreatedOnToolsVersion = 7.2.1;
						TestTargetID = 25AC88A21C95580B008414B9;
					};
					25AC88C61C95580B008414B9 = {
						CreatedOnToolsVersion = 7.2.1;
						TestTargetID = 25AC88A21C95580B008414B9;
					};
				};
			};
			buildConfigurationList = 25AC889E1C95580B008414B9 /* Build configuration list for PBXProject "DAMEIJILIN" */;
			compatibilityVersion = "Xcode 3.2";
			developmentRegion = English;
			hasScannedForEncodings = 0;
			knownRegions = (
				en,
				Base,
			);
			mainGroup = 25AC889A1C95580B008414B9;
			productRefGroup = 25AC88A41C95580B008414B9 /* Products */;
			projectDirPath = "";
			projectRoot = "";
			targets = (
				25AC88A21C95580B008414B9 /* DAMEIJILIN */,
				25AC88BB1C95580B008414B9 /* DAMEIJILINTests */,
				25AC88C61C95580B008414B9 /* DAMEIJILINUITests */,
			);
		};
/* End PBXProject section */

/* Begin PBXResourcesBuildPhase section */
		25AC88A11C95580B008414B9 /* Resources */ = {
			isa = PBXResourcesBuildPhase;
			buildActionMask = 2147483647;
			files = (
				25AC88EA1C958585008414B9 /* Info.plist in Resources */,
				25AC88E81C958585008414B9 /* Assets.xcassets in Resources */,
			);
			runOnlyForDeploymentPostprocessing = 0;
		};
		25AC88BA1C95580B008414B9 /* Resources */ = {
			isa = PBXResourcesBuildPhase;
			buildActionMask = 2147483647;
			files = (
			);
			runOnlyForDeploymentPostprocessing = 0;
		};
		25AC88C51C95580B008414B9 /* Resources */ = {
			isa = PBXResourcesBuildPhase;
			buildActionMask = 2147483647;
			files = (
			);
			runOnlyForDeploymentPostprocessing = 0;
		};
/* End PBXResourcesBuildPhase section */

/* Begin PBXShellScriptBuildPhase section */
		0F7EEDB6717E956A2ABBAE0A /* Check Pods Manifest.lock */ = {
			isa = PBXShellScriptBuildPhase;
			buildActionMask = 2147483647;
			files = (
			);
			inputPaths = (
			);
			name = "Check Pods Manifest.lock";
			outputPaths = (
			);
			runOnlyForDeploymentPostprocessing = 0;
			shellPath = /bin/sh;
			shellScript = "diff \"${PODS_ROOT}/../Podfile.lock\" \"${PODS_ROOT}/Manifest.lock\" > /dev/null\nif [[ $? != 0 ]] ; then\n    cat << EOM\nerror: The sandbox is not in sync with the Podfile.lock. Run 'pod install' or update your CocoaPods installation.\nEOM\n    exit 1\nfi\n";
			showEnvVarsInLog = 0;
		};
		7F06E7580B9B9C711D9287CD /* Embed Pods Frameworks */ = {
			isa = PBXShellScriptBuildPhase;
			buildActionMask = 2147483647;
			files = (
			);
			inputPaths = (
			);
			name = "Embed Pods Frameworks";
			outputPaths = (
			);
			runOnlyForDeploymentPostprocessing = 0;
			shellPath = /bin/sh;
			shellScript = "\"${SRCROOT}/Pods/Target Support Files/Pods/Pods-frameworks.sh\"\n";
			showEnvVarsInLog = 0;
		};
		D1D10BAEF2AA48A01E21CF29 /* Copy Pods Resources */ = {
			isa = PBXShellScriptBuildPhase;
			buildActionMask = 2147483647;
			files = (
			);
			inputPaths = (
			);
			name = "Copy Pods Resources";
			outputPaths = (
			);
			runOnlyForDeploymentPostprocessing = 0;
			shellPath = /bin/sh;
			shellScript = "\"${SRCROOT}/Pods/Target Support Files/Pods/Pods-resources.sh\"\n";
			showEnvVarsInLog = 0;
		};
/* End PBXShellScriptBuildPhase section */

/* Begin PBXSourcesBuildPhase section */
		25AC889F1C95580B008414B9 /* Sources */ = {
			isa = PBXSourcesBuildPhase;
			buildActionMask = 2147483647;
			files = (
				25AC88EF1C9585F6008414B9 /* DMAppFrameTabBarController.m in Sources */,
				25AC891A1C95B637008414B9 /* TestViewController_1.m in Sources */,
				25AC88EB1C958585008414B9 /* main.m in Sources */,
				25AC891D1C95B637008414B9 /* TestViewController_4.m in Sources */,
				25AC88E71C958585008414B9 /* AppDelegate.m in Sources */,
				25AC88FA1C95B012008414B9 /* DMBaseNavigationController.m in Sources */,
				25AC891C1C95B637008414B9 /* TestViewController_3.m in Sources */,
				25AC891B1C95B637008414B9 /* TestViewController_2.m in Sources */,
			);
			runOnlyForDeploymentPostprocessing = 0;
		};
		25AC88B81C95580B008414B9 /* Sources */ = {
			isa = PBXSourcesBuildPhase;
			buildActionMask = 2147483647;
			files = (
				25AC88C11C95580B008414B9 /* DAMEIJILINTests.m in Sources */,
			);
			runOnlyForDeploymentPostprocessing = 0;
		};
		25AC88C31C95580B008414B9 /* Sources */ = {
			isa = PBXSourcesBuildPhase;
			buildActionMask = 2147483647;
			files = (
				25AC88CC1C95580B008414B9 /* DAMEIJILINUITests.m in Sources */,
			);
			runOnlyForDeploymentPostprocessing = 0;
		};
/* End PBXSourcesBuildPhase section */

/* Begin PBXTargetDependency section */
		25AC88BE1C95580B008414B9 /* PBXTargetDependency */ = {
			isa = PBXTargetDependency;
			target = 25AC88A21C95580B008414B9 /* DAMEIJILIN */;
			targetProxy = 25AC88BD1C95580B008414B9 /* PBXContainerItemProxy */;
		};
		25AC88C91C95580B008414B9 /* PBXTargetDependency */ = {
			isa = PBXTargetDependency;
			target = 25AC88A21C95580B008414B9 /* DAMEIJILIN */;
			targetProxy = 25AC88C81C95580B008414B9 /* PBXContainerItemProxy */;
		};
/* End PBXTargetDependency section */

/* Begin XCBuildConfiguration section */
		25AC88CE1C95580B008414B9 /* Debug */ = {
			isa = XCBuildConfiguration;
			buildSettings = {
				ALWAYS_SEARCH_USER_PATHS = NO;
				CLANG_CXX_LANGUAGE_STANDARD = "gnu++0x";
				CLANG_CXX_LIBRARY = "libc++";
				CLANG_ENABLE_MODULES = YES;
				CLANG_ENABLE_OBJC_ARC = YES;
				CLANG_WARN_BOOL_CONVERSION = YES;
				CLANG_WARN_CONSTANT_CONVERSION = YES;
				CLANG_WARN_DIRECT_OBJC_ISA_USAGE = YES_ERROR;
				CLANG_WARN_EMPTY_BODY = YES;
				CLANG_WARN_ENUM_CONVERSION = YES;
				CLANG_WARN_INT_CONVERSION = YES;
				CLANG_WARN_OBJC_ROOT_CLASS = YES_ERROR;
				CLANG_WARN_UNREACHABLE_CODE = YES;
				CLANG_WARN__DUPLICATE_METHOD_MATCH = YES;
				"CODE_SIGN_IDENTITY[sdk=iphoneos*]" = "iPhone Developer";
				COPY_PHASE_STRIP = NO;
				DEBUG_INFORMATION_FORMAT = dwarf;
				ENABLE_STRICT_OBJC_MSGSEND = YES;
				ENABLE_TESTABILITY = YES;
				GCC_C_LANGUAGE_STANDARD = gnu99;
				GCC_DYNAMIC_NO_PIC = NO;
				GCC_NO_COMMON_BLOCKS = YES;
				GCC_OPTIMIZATION_LEVEL = 0;
				GCC_PREPROCESSOR_DEFINITIONS = (
					"DEBUG=1",
					"$(inherited)",
				);
				GCC_WARN_64_TO_32_BIT_CONVERSION = YES;
				GCC_WARN_ABOUT_RETURN_TYPE = YES_ERROR;
				GCC_WARN_UNDECLARED_SELECTOR = YES;
				GCC_WARN_UNINITIALIZED_AUTOS = YES_AGGRESSIVE;
				GCC_WARN_UNUSED_FUNCTION = YES;
				GCC_WARN_UNUSED_VARIABLE = YES;
				IPHONEOS_DEPLOYMENT_TARGET = 9.2;
				MTL_ENABLE_DEBUG_INFO = YES;
				ONLY_ACTIVE_ARCH = YES;
				SDKROOT = iphoneos;
			};
			name = Debug;
		};
		25AC88CF1C95580B008414B9 /* Release */ = {
			isa = XCBuildConfiguration;
			buildSettings = {
				ALWAYS_SEARCH_USER_PATHS = NO;
				CLANG_CXX_LANGUAGE_STANDARD = "gnu++0x";
				CLANG_CXX_LIBRARY = "libc++";
				CLANG_ENABLE_MODULES = YES;
				CLANG_ENABLE_OBJC_ARC = YES;
				CLANG_WARN_BOOL_CONVERSION = YES;
				CLANG_WARN_CONSTANT_CONVERSION = YES;
				CLANG_WARN_DIRECT_OBJC_ISA_USAGE = YES_ERROR;
				CLANG_WARN_EMPTY_BODY = YES;
				CLANG_WARN_ENUM_CONVERSION = YES;
				CLANG_WARN_INT_CONVERSION = YES;
				CLANG_WARN_OBJC_ROOT_CLASS = YES_ERROR;
				CLANG_WARN_UNREACHABLE_CODE = YES;
				CLANG_WARN__DUPLICATE_METHOD_MATCH = YES;
				"CODE_SIGN_IDENTITY[sdk=iphoneos*]" = "iPhone Developer";
				COPY_PHASE_STRIP = NO;
				DEBUG_INFORMATION_FORMAT = "dwarf-with-dsym";
				ENABLE_NS_ASSERTIONS = NO;
				ENABLE_STRICT_OBJC_MSGSEND = YES;
				GCC_C_LANGUAGE_STANDARD = gnu99;
				GCC_NO_COMMON_BLOCKS = YES;
				GCC_WARN_64_TO_32_BIT_CONVERSION = YES;
				GCC_WARN_ABOUT_RETURN_TYPE = YES_ERROR;
				GCC_WARN_UNDECLARED_SELECTOR = YES;
				GCC_WARN_UNINITIALIZED_AUTOS = YES_AGGRESSIVE;
				GCC_WARN_UNUSED_FUNCTION = YES;
				GCC_WARN_UNUSED_VARIABLE = YES;
				IPHONEOS_DEPLOYMENT_TARGET = 9.2;
				MTL_ENABLE_DEBUG_INFO = NO;
				SDKROOT = iphoneos;
				VALIDATE_PRODUCT = YES;
			};
			name = Release;
		};
		25AC88D11C95580B008414B9 /* Debug */ = {
			isa = XCBuildConfiguration;
			baseConfigurationReference = B13DC53CD17D5EFAD7F5776A /* Pods.debug.xcconfig */;
			buildSettings = {
				ASSETCATALOG_COMPILER_APPICON_NAME = AppIcon;
				ASSETCATALOG_COMPILER_LAUNCHIMAGE_NAME = LaunchImage;
				INFOPLIST_FILE = DAMEIJILIN/Info.plist;
				IPHONEOS_DEPLOYMENT_TARGET = 6.0;
				LD_RUNPATH_SEARCH_PATHS = "$(inherited) @executable_path/Frameworks";
				PRODUCT_BUNDLE_IDENTIFIER = com.DAMEIJILIN521.DAMEIJILIN;
				PRODUCT_NAME = "$(TARGET_NAME)";
			};
			name = Debug;
		};
		25AC88D21C95580B008414B9 /* Release */ = {
			isa = XCBuildConfiguration;
			baseConfigurationReference = 54D5E8507FA78099AA975AFB /* Pods.release.xcconfig */;
			buildSettings = {
				ASSETCATALOG_COMPILER_APPICON_NAME = AppIcon;
				ASSETCATALOG_COMPILER_LAUNCHIMAGE_NAME = LaunchImage;
				INFOPLIST_FILE = DAMEIJILIN/Info.plist;
				IPHONEOS_DEPLOYMENT_TARGET = 6.0;
				LD_RUNPATH_SEARCH_PATHS = "$(inherited) @executable_path/Frameworks";
				PRODUCT_BUNDLE_IDENTIFIER = com.DAMEIJILIN521.DAMEIJILIN;
				PRODUCT_NAME = "$(TARGET_NAME)";
			};
			name = Release;
		};
		25AC88D41C95580B008414B9 /* Debug */ = {
			isa = XCBuildConfiguration;
			buildSettings = {
				BUNDLE_LOADER = "$(TEST_HOST)";
				INFOPLIST_FILE = DAMEIJILINTests/Info.plist;
				LD_RUNPATH_SEARCH_PATHS = "$(inherited) @executable_path/Frameworks @loader_path/Frameworks";
				PRODUCT_BUNDLE_IDENTIFIER = com.DAMEIJILIN521.DAMEIJILINTests;
				PRODUCT_NAME = "$(TARGET_NAME)";
				TEST_HOST = "$(BUILT_PRODUCTS_DIR)/DAMEIJILIN.app/DAMEIJILIN";
			};
			name = Debug;
		};
		25AC88D51C95580B008414B9 /* Release */ = {
			isa = XCBuildConfiguration;
			buildSettings = {
				BUNDLE_LOADER = "$(TEST_HOST)";
				INFOPLIST_FILE = DAMEIJILINTests/Info.plist;
				LD_RUNPATH_SEARCH_PATHS = "$(inherited) @executable_path/Frameworks @loader_path/Frameworks";
				PRODUCT_BUNDLE_IDENTIFIER = com.DAMEIJILIN521.DAMEIJILINTests;
				PRODUCT_NAME = "$(TARGET_NAME)";
				TEST_HOST = "$(BUILT_PRODUCTS_DIR)/DAMEIJILIN.app/DAMEIJILIN";
			};
			name = Release;
		};
		25AC88D71C95580B008414B9 /* Debug */ = {
			isa = XCBuildConfiguration;
			buildSettings = {
				INFOPLIST_FILE = DAMEIJILINUITests/Info.plist;
				LD_RUNPATH_SEARCH_PATHS = "$(inherited) @executable_path/Frameworks @loader_path/Frameworks";
				PRODUCT_BUNDLE_IDENTIFIER = com.DAMEIJILIN521.DAMEIJILINUITests;
				PRODUCT_NAME = "$(TARGET_NAME)";
				TEST_TARGET_NAME = DAMEIJILIN;
				USES_XCTRUNNER = YES;
			};
			name = Debug;
		};
		25AC88D81C95580B008414B9 /* Release */ = {
			isa = XCBuildConfiguration;
			buildSettings = {
				INFOPLIST_FILE = DAMEIJILINUITests/Info.plist;
				LD_RUNPATH_SEARCH_PATHS = "$(inherited) @executable_path/Frameworks @loader_path/Frameworks";
				PRODUCT_BUNDLE_IDENTIFIER = com.DAMEIJILIN521.DAMEIJILINUITests;
				PRODUCT_NAME = "$(TARGET_NAME)";
				TEST_TARGET_NAME = DAMEIJILIN;
				USES_XCTRUNNER = YES;
			};
			name = Release;
		};
/* End XCBuildConfiguration section */

/* Begin XCConfigurationList section */
		25AC889E1C95580B008414B9 /* Build configuration list for PBXProject "DAMEIJILIN" */ = {
			isa = XCConfigurationList;
			buildConfigurations = (
				25AC88CE1C95580B008414B9 /* Debug */,
				25AC88CF1C95580B008414B9 /* Release */,
			);
			defaultConfigurationIsVisible = 0;
			defaultConfigurationName = Release;
		};
		25AC88D01C95580B008414B9 /* Build configuration list for PBXNativeTarget "DAMEIJILIN" */ = {
			isa = XCConfigurationList;
			buildConfigurations = (
				25AC88D11C95580B008414B9 /* Debug */,
				25AC88D21C95580B008414B9 /* Release */,
			);
			defaultConfigurationIsVisible = 0;
			defaultConfigurationName = Release;
		};
		25AC88D31C95580B008414B9 /* Build configuration list for PBXNativeTarget "DAMEIJILINTests" */ = {
			isa = XCConfigurationList;
			buildConfigurations = (
				25AC88D41C95580B008414B9 /* Debug */,
				25AC88D51C95580B008414B9 /* Release */,
			);
			defaultConfigurationIsVisible = 0;
			defaultConfigurationName = Release;
		};
		25AC88D61C95580B008414B9 /* Build configuration list for PBXNativeTarget "DAMEIJILINUITests" */ = {
			isa = XCConfigurationList;
			buildConfigurations = (
				25AC88D71C95580B008414B9 /* Debug */,
				25AC88D81C95580B008414B9 /* Release */,
			);
			defaultConfigurationIsVisible = 0;
			defaultConfigurationName = Release;
		};
/* End XCConfigurationList section */
	};
	rootObject = 25AC889B1C95580B008414B9 /* Project object */;
}
